
Microsoft Visual Studio Solution File, Format Version 12.00
# Visual Studio Version 17
VisualStudioVersion = 17.10.35004.147
MinimumVisualStudioVersion = 10.0.40219.1
Project("{FAE04EC0-301F-11D3-BF4B-00C04F79EFBC}") = "ZombieHorde.Api", "ZombieHorde.Api.csproj", "{D78D7C95-767E-4DF0-A17A-59513B6BD72F}"
EndProject
Project("{FAE04EC0-301F-11D3-BF4B-00C04F79EFBC}") = "ZombieHorde.Core", "..\ZombieHorde.Core\ZombieHorde.Core.csproj", "{C91F3CCF-698F-432C-9B04-90ED6EF776B3}"
EndProject
Project("{FAE04EC0-301F-11D3-BF4B-00C04F79EFBC}") = "ZombieHorde.Persistence", "..\ZombieHorde.Persistence\ZombieHorde.Persistence.csproj", "{49614CC2-9773-445B-BA08-490A909FDC9F}"
EndProject
Global
	GlobalSection(SolutionConfigurationPlatforms) = preSolution
		Debug|Any CPU = Debug|Any CPU
		Release|Any CPU = Release|Any CPU
	EndGlobalSection
	GlobalSection(ProjectConfigurationPlatforms) = postSolution
		{D78D7C95-767E-4DF0-A17A-59513B6BD72F}.Debug|Any CPU.ActiveCfg = Debug|Any CPU
		{D78D7C95-767E-4DF0-A17A-59513B6BD72F}.Debug|Any CPU.Build.0 = Debug|Any CPU
		{D78D7C95-767E-4DF0-A17A-59513B6BD72F}.Release|Any CPU.ActiveCfg = Release|Any CPU
		{D78D7C95-767E-4DF0-A17A-59513B6BD72F}.Release|Any CPU.Build.0 = Release|Any CPU
		{C91F3CCF-698F-432C-9B04-90ED6EF776B3}.Debug|Any CPU.ActiveCfg = Debug|Any CPU
		{C91F3CCF-698F-432C-9B04-90ED6EF776B3}.Debug|Any CPU.Build.0 = Debug|Any CPU
		{C91F3CCF-698F-432C-9B04-90ED6EF776B3}.Release|Any CPU.ActiveCfg = Release|Any CPU
		{C91F3CCF-698F-432C-9B04-90ED6EF776B3}.Release|Any CPU.Build.0 = Release|Any CPU
		{49614CC2-9773-445B-BA08-490A909FDC9F}.Debug|Any CPU.ActiveCfg = Debug|Any CPU
		{49614CC2-9773-445B-BA08-490A909FDC9F}.Debug|Any CPU.Build.0 = Debug|Any CPU
		{49614CC2-9773-445B-BA08-490A909FDC9F}.Release|Any CPU.ActiveCfg = Release|Any CPU
		{49614CC2-9773-445B-BA08-490A909FDC9F}.Release|Any CPU.Build.0 = Release|Any CPU
	EndGlobalSection
	GlobalSection(SolutionProperties) = preSolution
		HideSolutionNode = FALSE
	EndGlobalSection
	GlobalSection(ExtensibilityGlobals) = postSolution
		SolutionGuid = {3DF8140B-CDCE-48A6-8AFF-DD0B443CEC44}
	EndGlobalSection
EndGlobal
